lockfileVersion: '9.0'

settings:
  autoInstallPeers: true
  excludeLinksFromLockfile: false

importers:

  .:
    dependencies:
      '@emotion/is-prop-valid':
        specifier: latest
        version: 1.4.0
      '@vercel/analytics':
        specifier: latest
        version: 1.5.0(next@14.0.0(react-dom@19.0.0(react@19.0.0))(react@19.0.0))(react@19.0.0)
      class-variance-authority:
        specifier: ^0.7.1
        version: 0.7.1
      clsx:
        specifier: ^2.1.1
        version: 2.1.1
      framer-motion:
        specifier: latest
        version: 12.23.24(@emotion/is-prop-valid@1.4.0)(react-dom@19.0.0(react@19.0.0))(react@19.0.0)
      lucide-react:
        specifier: ^0.454.0
        version: 0.454.0(react@19.0.0)
      next:
        specifier: ^14.0.0
        version: 14.0.0(react-dom@19.0.0(react@19.0.0))(react@19.0.0)
      next-themes:
        specifier: latest
        version: 0.4.6(react-dom@19.0.0(react@19.0.0))(react@19.0.0)
      react:
        specifier: ^19.0.0
        version: 19.0.0
      react-dom:
        specifier: ^19.0.0
        version: 19.0.0(react@19.0.0)
      react-icons:
        specifier: latest
        version: 5.5.0(react@19.0.0)
      react-intersection-observer:
        specifier: latest
        version: 10.0.0(react-dom@19.0.0(react@19.0.0))(react@19.0.0)
      tailwind-merge:
        specifier: ^2.5.5
        version: 2.5.5
      tailwindcss-animate:
        specifier: ^1.0.7
        version: 1.0.7(tailwindcss@4.1.9)
      tw-animate-css:
        specifier: latest
        version: 1.4.0
    devDependencies:
      '@types/node':
        specifier: ^22
        version: 22.0.0
      '@types/react':
        specifier: ^18.2.37
        version: 18.2.37
      '@types/react-dom':
        specifier: ^18.2.15
        version: 18.2.15
      postcss:
        specifier: ^8.5
        version: 8.5.0
      tailwindcss:
        specifier: ^4.1.9
        version: 4.1.9
      typescript:
        specifier: ^5
        version: 5.0.2

packages:

  '@emotion/is-prop-valid@1.4.0':
    resolution: {integrity: sha512-QgD4fyscGcbbKwJmqNvUMSE02OsHUa+lAWKdEUIJKgqe5IwRSKd7+KhibEWdaKwgjLj0DRSHA9biAIqGBk05lw==}

  '@emotion/memoize@0.9.0':
    resolution: {integrity: sha512-30FAj7/EoJ5mwVPOWhAyCX+FPfMDrVecJAM+Iw9NRoSl4BBAQeqj4cApHHUXOVvIPgLVDsCFoz/hGD+5QQD1GQ==}

  '@next/env@14.0.0':
    resolution: {integrity: sha512-cIKhxkfVELB6hFjYsbtEeTus2mwrTC+JissfZYM0n+8Fv+g8ucUfOlm3VEDtwtwydZ0Nuauv3bl0qF82nnCAqA==}

  '@next/swc-darwin-arm64@14.0.0':
    resolution: {integrity: sha512-HQKi159jCz4SRsPesVCiNN6tPSAFUkOuSkpJsqYTIlbHLKr1mD6be/J0TvWV6fwJekj81bZV9V/Tgx3C2HO9lA==}
    engines: {node: '>= 10'}
    cpu: [arm64]
    os: [darwin]

  '@next/swc-darwin-x64@14.0.0':
    resolution: {integrity: sha512-4YyQLMSaCgX/kgC1jjF3s3xSoBnwHuDhnF6WA1DWNEYRsbOOPWjcYhv8TKhRe2ApdOam+VfQSffC4ZD+X4u1Cg==}
    engines: {node: '>= 10'}
    cpu: [x64]
    os: [darwin]

  '@next/swc-linux-arm64-gnu@14.0.0':
    resolution: {integrity: sha512-io7fMkJ28Glj7SH8yvnlD6naIhRDnDxeE55CmpQkj3+uaA2Hko6WGY2pT5SzpQLTnGGnviK85cy8EJ2qsETj/g==}
    engines: {node: '>= 10'}
    cpu: [arm64]
    os: [linux]

  '@next/swc-linux-arm64-musl@14.0.0':
    resolution: {integrity: sha512-nC2h0l1Jt8LEzyQeSs/BKpXAMe0mnHIMykYALWaeddTqCv5UEN8nGO3BG8JAqW/Y8iutqJsaMe2A9itS0d/r8w==}
    engines: {node: '>= 10'}
    cpu: [arm64]
    os: [linux]

  '@next/swc-linux-x64-gnu@14.0.0':
    resolution: {integrity: sha512-Wf+WjXibJQ7hHXOdNOmSMW5bxeJHVf46Pwb3eLSD2L76NrytQlif9NH7JpHuFlYKCQGfKfgSYYre5rIfmnSwQw==}
    engines: {node: '>= 10'}
    cpu: [x64]
    os: [linux]

  '@next/swc-linux-x64-musl@14.0.0':
    resolution: {integrity: sha512-WTZb2G7B+CTsdigcJVkRxfcAIQj7Lf0ipPNRJ3vlSadU8f0CFGv/ST+sJwF5eSwIe6dxKoX0DG6OljDBaad+rg==}
    engines: {node: '>= 10'}
    cpu: [x64]
    os: [linux]

  '@next/swc-win32-arm64-msvc@14.0.0':
    resolution: {integrity: sha512-7R8/x6oQODmNpnWVW00rlWX90sIlwluJwcvMT6GXNIBOvEf01t3fBg0AGURNKdTJg2xNuP7TyLchCL7Lh2DTiw==}
    engines: {node: '>= 10'}
    cpu: [arm64]
    os: [win32]

  '@next/swc-win32-ia32-msvc@14.0.0':
    resolution: {integrity: sha512-RLK1nELvhCnxaWPF07jGU4x3tjbyx2319q43loZELqF0+iJtKutZ+Lk8SVmf/KiJkYBc7Cragadz7hb3uQvz4g==}
    engines: {node: '>= 10'}
    cpu: [ia32]
    os: [win32]

  '@next/swc-win32-x64-msvc@14.0.0':
    resolution: {integrity: sha512-g6hLf1SUko+hnnaywQQZzzb3BRecQsoKkF3o/C+F+dOA4w/noVAJngUVkfwF0+2/8FzNznM7ofM6TGZO9svn7w==}
    engines: {node: '>= 10'}
    cpu: [x64]
    os: [win32]

  '@swc/helpers@0.5.2':
    resolution: {integrity: sha512-E4KcWTpoLHqwPHLxidpOqQbcrZVgi0rsmmZXUle1jXmJfuIf/UWpczUJ7MZZ5tlxytgJXyp0w4PGkkeLiuIdZw==}

  '@types/node@22.0.0':
    resolution: {integrity: sha512-VT7KSYudcPOzP5Q0wfbowyNLaVR8QWUdw+088uFWwfvpY6uCWaXpqV6ieLAu9WBcnTa7H4Z5RLK8I5t2FuOcqw==}

  '@types/prop-types@15.7.15':
    resolution: {integrity: sha512-F6bEyamV9jKGAFBEmlQnesRPGOQqS2+Uwi0Em15xenOxHaf2hv6L8YCVn3rPdPJOiJfPiCnLIRyvwVaqMY3MIw==}

  '@types/react-dom@18.2.15':
    resolution: {integrity: sha512-HWMdW+7r7MR5+PZqJF6YFNSCtjz1T0dsvo/f1BV6HkV+6erD/nA7wd9NM00KVG83zf2nJ7uATPO9ttdIPvi3gg==}

  '@types/react@18.2.37':
    resolution: {integrity: sha512-RGAYMi2bhRgEXT3f4B92WTohopH6bIXw05FuGlmJEnv/omEn190+QYEIYxIAuIBdKgboYYdVved2p1AxZVQnaw==}

  '@types/scheduler@0.26.0':
    resolution: {integrity: sha512-WFHp9YUJQ6CKshqoC37iOlHnQSmxNc795UhB26CyBBttrN9svdIrUjl/NjnNmfcwtncN0h/0PPAFWv9ovP8mLA==}

  '@vercel/analytics@1.5.0':
    resolution: {integrity: sha512-MYsBzfPki4gthY5HnYN7jgInhAZ7Ac1cYDoRWFomwGHWEX7odTEzbtg9kf/QSo7XEsEAqlQugA6gJ2WS2DEa3g==}
    peerDependencies:
      '@remix-run/react': ^2
      '@sveltejs/kit': ^1 || ^2
      next: '>= 13'
      react: ^18 || ^19 || ^19.0.0-rc
      svelte: '>= 4'
      vue: ^3
      vue-router: ^4
    peerDependenciesMeta:
      '@remix-run/react':
        optional: true
      '@sveltejs/kit':
        optional: true
      next:
        optional: true
      react:
        optional: true
      svelte:
        optional: true
      vue:
        optional: true
      vue-router:
        optional: true

  busboy@1.6.0:
    resolution: {integrity: sha512-8SFQbg/0hQ9xy3UNTB0YEnsNBbWfhf7RtnzpL7TkBiTBRfrQ9Fxcnz7VJsleJpyp6rVLvXiuORqjlHi5q+PYuA==}
    engines: {node: '>=10.16.0'}

  caniuse-lite@1.0.30001751:
    resolution: {integrity: sha512-A0QJhug0Ly64Ii3eIqHu5X51ebln3k4yTUkY1j8drqpWHVreg/VLijN48cZ1bYPiqOQuqpkIKnzr/Ul8V+p6Cw==}

  class-variance-authority@0.7.1:
    resolution: {integrity: sha512-Ka+9Trutv7G8M6WT6SeiRWz792K5qEqIGEGzXKhAE6xOWAY6pPH8U+9IY3oCMv6kqTmLsv7Xh/2w2RigkePMsg==}

  client-only@0.0.1:
    resolution: {integrity: sha512-IV3Ou0jSMzZrd3pZ48nLkT9DA7Ag1pnPzaiQhpW7c3RbcqqzvzzVu+L8gfqMp/8IM2MQtSiqaCxrrcfu8I8rMA==}

  clsx@2.1.1:
    resolution: {integrity: sha512-eYm0QWBtUrBWZWG0d386OGAw16Z995PiOVo2B7bjWSbHedGl5e0ZWaq65kOGgUSNesEIDkB9ISbTg/JK9dhCZA==}
    engines: {node: '>=6'}

  csstype@3.1.3:
    resolution: {integrity: sha512-M1uQkMl8rQK/szD0LNhtqxIPLpimGm8sOBwU7lLnCpSbTyY3yeU1Vc7l4KT5zT4s/yOxHH5O7tIuuLOCnLADRw==}

  framer-motion@12.23.24:
    resolution: {integrity: sha512-HMi5HRoRCTou+3fb3h9oTLyJGBxHfW+HnNE25tAXOvVx/IvwMHK0cx7IR4a2ZU6sh3IX1Z+4ts32PcYBOqka8w==}
    peerDependencies:
      '@emotion/is-prop-valid': '*'
      react: ^18.0.0 || ^19.0.0
      react-dom: ^18.0.0 || ^19.0.0
    peerDependenciesMeta:
      '@emotion/is-prop-valid':
        optional: true
      react:
        optional: true
      react-dom:
        optional: true

  glob-to-regexp@0.4.1:
    resolution: {integrity: sha512-lkX1HJXwyMcprw/5YUZc2s7DrpAiHB21/V+E1rHUrVNokkvB6bqMzT0VfV6/86ZNabt1k14YOIaT7nDvOX3Iiw==}

  graceful-fs@4.2.11:
    resolution: {integrity: sha512-RbJ5/jmFcNNCcDV5o9eTnBLJ/HszWV0P73bc+Ff4nS/rJj+YaS6IGyiOL0VoBYX+l1Wrl3k63h/KrH+nhJ0XvQ==}

  lucide-react@0.454.0:
    resolution: {integrity: sha512-hw7zMDwykCLnEzgncEEjHeA6+45aeEzRYuKHuyRSOPkhko+J3ySGjGIzu+mmMfDFG1vazHepMaYFYHbTFAZAAQ==}
    peerDependencies:
      react: ^16.5.1 || ^17.0.0 || ^18.0.0 || ^19.0.0-rc

  motion-dom@12.23.23:
    resolution: {integrity: sha512-n5yolOs0TQQBRUFImrRfs/+6X4p3Q4n1dUEqt/H58Vx7OW6RF+foWEgmTVDhIWJIMXOuNNL0apKH2S16en9eiA==}

  motion-utils@12.23.6:
    resolution: {integrity: sha512-eAWoPgr4eFEOFfg2WjIsMoqJTW6Z8MTUCgn/GZ3VRpClWBdnbjryiA3ZSNLyxCTmCQx4RmYX6jX1iWHbenUPNQ==}

  nanoid@3.3.11:
    resolution: {integrity: sha512-N8SpfPUnUp1bK+PMYW8qSWdl9U+wwNWI4QKxOYDy9JAro3WMX7p2OeVRF9v+347pnakNevPmiHhNmZ2HbFA76w==}
    engines: {node: ^10 || ^12 || ^13.7 || ^14 || >=15.0.1}
    hasBin: true

  next-themes@0.4.6:
    resolution: {integrity: sha512-pZvgD5L0IEvX5/9GWyHMf3m8BKiVQwsCMHfoFosXtXBMnaS0ZnIJ9ST4b4NqLVKDEm8QBxoNNGNaBv2JNF6XNA==}
    peerDependencies:
      react: ^16.8 || ^17 || ^18 || ^19 || ^19.0.0-rc
      react-dom: ^16.8 || ^17 || ^18 || ^19 || ^19.0.0-rc

  next@14.0.0:
    resolution: {integrity: sha512-J0jHKBJpB9zd4+c153sair0sz44mbaCHxggs8ryVXSFBuBqJ8XdE9/ozoV85xGh2VnSjahwntBZZgsihL9QznA==}
    engines: {node: '>=18.17.0'}
    hasBin: true
    peerDependencies:
      '@opentelemetry/api': ^1.1.0
      react: ^18.2.0
      react-dom: ^18.2.0
      sass: ^1.3.0
    peerDependenciesMeta:
      '@opentelemetry/api':
        optional: true
      sass:
        optional: true

  picocolors@1.1.1:
    resolution: {integrity: sha512-xceH2snhtb5M9liqDsmEw56le376mTZkEX/jEb/RxNFyegNul7eNslCXP9FDj/Lcu0X8KEyMceP2ntpaHrDEVA==}

  postcss@8.4.31:
    resolution: {integrity: sha512-PS08Iboia9mts/2ygV3eLpY5ghnUcfLV/EXTOW1E2qYxJKGGBUtNjN76FYHnMs36RmARn41bC0AZmn+rR0OVpQ==}
    engines: {node: ^10 || ^12 || >=14}

  postcss@8.5.0:
    resolution: {integrity: sha512-27VKOqrYfPncKA2NrFOVhP5MGAfHKLYn/Q0mz9cNQyRAKYi3VNHwYU2qKKqPCqgBmeeJ0uAFB56NumXZ5ZReXg==}
    engines: {node: ^10 || ^12 || >=14}

  react-dom@19.0.0:
    resolution: {integrity: sha512-4GV5sHFG0e/0AD4X+ySy6UJd3jVl1iNsNHdpad0qhABJ11twS3TTBnseqsKurKcsNqCEFeGL3uLpVChpIO3QfQ==}
    peerDependencies:
      react: ^19.0.0

  react-icons@5.5.0:
    resolution: {integrity: sha512-MEFcXdkP3dLo8uumGI5xN3lDFNsRtrjbOEKDLD7yv76v4wpnEq2Lt2qeHaQOr34I/wPN3s3+N08WkQ+CW37Xiw==}
    peerDependencies:
      react: '*'

  react-intersection-observer@10.0.0:
    resolution: {integrity: sha512-JJRgcnFQoVXmbE5+GXr1OS1NDD1gHk0HyfpLcRf0575IbJz+io8yzs4mWVlfaqOQq1FiVjLvuYAdEEcrrCfveg==}
    peerDependencies:
      react: ^17.0.0 || ^18.0.0 || ^19.0.0
      react-dom: ^17.0.0 || ^18.0.0 || ^19.0.0
    peerDependenciesMeta:
      react-dom:
        optional: true

  react@19.0.0:
    resolution: {integrity: sha512-V8AVnmPIICiWpGfm6GLzCR/W5FXLchHop40W4nXBmdlEceh16rCN8O8LNWm5bh5XUX91fh7KpA+W0TgMKmgTpQ==}
    engines: {node: '>=0.10.0'}

  scheduler@0.25.0:
    resolution: {integrity: sha512-xFVuu11jh+xcO7JOAGJNOXld8/TcEHK/4CituBUeUb5hqxJLj9YuemAEuvm9gQ/+pgXYfbQuqAkiYu+u7YEsNA==}

  source-map-js@1.2.1:
    resolution: {integrity: sha512-UXWMKhLOwVKb728IUtQPXxfYU+usdybtUrK/8uGE8CQMvrhOpwvzDBwj0QhSL7MQc7vIsISBG8VQ8+IDQxpfQA==}
    engines: {node: '>=0.10.0'}

  streamsearch@1.1.0:
    resolution: {integrity: sha512-Mcc5wHehp9aXz1ax6bZUyY5afg9u2rv5cqQI3mRrYkGC8rW2hM02jWuwjtL++LS5qinSyhj2QfLyNsuc+VsExg==}
    engines: {node: '>=10.0.0'}

  styled-jsx@5.1.1:
    resolution: {integrity: sha512-pW7uC1l4mBZ8ugbiZrcIsiIvVx1UmTfw7UkC3Um2tmfUq9Bhk8IiyEIPl6F8agHgjzku6j0xQEZbfA5uSgSaCw==}
    engines: {node: '>= 12.0.0'}
    peerDependencies:
      '@babel/core': '*'
      babel-plugin-macros: '*'
      react: '>= 16.8.0 || 17.x.x || ^18.0.0-0'
    peerDependenciesMeta:
      '@babel/core':
        optional: true
      babel-plugin-macros:
        optional: true

  tailwind-merge@2.5.5:
    resolution: {integrity: sha512-0LXunzzAZzo0tEPxV3I297ffKZPlKDrjj7NXphC8V5ak9yHC5zRmxnOe2m/Rd/7ivsOMJe3JZ2JVocoDdQTRBA==}

  tailwindcss-animate@1.0.7:
    resolution: {integrity: sha512-bl6mpH3T7I3UFxuvDEXLxy/VuFxBk5bbzplh7tXI68mwMokNYd1t9qPBHlnyTwfa4JGC4zP516I1hYYtQ/vspA==}
    peerDependencies:
      tailwindcss: '>=3.0.0 || insiders'

  tailwindcss@4.1.9:
    resolution: {integrity: sha512-anBZRcvfNMsQdHB9XSGzAtIQWlhs49uK75jfkwrqjRUbjt4d7q9RE1wR1xWyfYZhLFnFX4ahWp88Au2lcEw5IQ==}

  tslib@2.8.1:
    resolution: {integrity: sha512-oJFu94HQb+KVduSUQL7wnpmqnfmLsOA/nAh6b6EH0wCEoK0/mPeXU6c3wKDV83MkOuHPRHtSXKKU99IBazS/2w==}

  tw-animate-css@1.4.0:
    resolution: {integrity: sha512-7bziOlRqH0hJx80h/3mbicLW7o8qLsH5+RaLR2t+OHM3D0JlWGODQKQ4cxbK7WlvmUxpcj6Kgu6EKqjrGFe3QQ==}

  typescript@5.0.2:
    resolution: {integrity: sha512-wVORMBGO/FAs/++blGNeAVdbNKtIh1rbBL2EyQ1+J9lClJ93KiiKe8PmFIVdXhHcyv44SL9oglmfeSsndo0jRw==}
    engines: {node: '>=12.20'}
    hasBin: true

  undici-types@6.11.1:
    resolution: {integrity: sha512-mIDEX2ek50x0OlRgxryxsenE5XaQD4on5U2inY7RApK3SOJpofyw7uW2AyfMKkhAxXIceo2DeWGVGwyvng1GNQ==}

  watchpack@2.4.0:
    resolution: {integrity: sha512-Lcvm7MGST/4fup+ifyKi2hjyIAwcdI4HRgtvTpIUxBRhB+RFtUh8XtDOxUfctVCnhVi+QQj49i91OyvzkJl6cg==}
    engines: {node: '>=10.13.0'}

snapshots:

  '@emotion/is-prop-valid@1.4.0':
    dependencies:
      '@emotion/memoize': 0.9.0

  '@emotion/memoize@0.9.0': {}

  '@next/env@14.0.0': {}

  '@next/swc-darwin-arm64@14.0.0':
    optional: true

  '@next/swc-darwin-x64@14.0.0':
    optional: true

  '@next/swc-linux-arm64-gnu@14.0.0':
    optional: true

  '@next/swc-linux-arm64-musl@14.0.0':
    optional: true

  '@next/swc-linux-x64-gnu@14.0.0':
    optional: true

  '@next/swc-linux-x64-musl@14.0.0':
    optional: true

  '@next/swc-win32-arm64-msvc@14.0.0':
    optional: true

  '@next/swc-win32-ia32-msvc@14.0.0':
    optional: true

  '@next/swc-win32-x64-msvc@14.0.0':
    optional: true

  '@swc/helpers@0.5.2':
    dependencies:
      tslib: 2.8.1

  '@types/node@22.0.0':
    dependencies:
      undici-types: 6.11.1

  '@types/prop-types@15.7.15': {}

  '@types/react-dom@18.2.15':
    dependencies:
      '@types/react': 18.2.37

  '@types/react@18.2.37':
    dependencies:
      '@types/prop-types': 15.7.15
      '@types/scheduler': 0.26.0
      csstype: 3.1.3

  '@types/scheduler@0.26.0': {}

  '@vercel/analytics@1.5.0(next@14.0.0(react-dom@19.0.0(react@19.0.0))(react@19.0.0))(react@19.0.0)':
    optionalDependencies:
      next: 14.0.0(react-dom@19.0.0(react@19.0.0))(react@19.0.0)
      react: 19.0.0

  busboy@1.6.0:
    dependencies:
      streamsearch: 1.1.0

  caniuse-lite@1.0.30001751: {}

  class-variance-authority@0.7.1:
    dependencies:
      clsx: 2.1.1

  client-only@0.0.1: {}

  clsx@2.1.1: {}

  csstype@3.1.3: {}

  framer-motion@12.23.24(@emotion/is-prop-valid@1.4.0)(react-dom@19.0.0(react@19.0.0))(react@19.0.0):
    dependencies:
      motion-dom: 12.23.23
      motion-utils: 12.23.6
      tslib: 2.8.1
    optionalDependencies:
      '@emotion/is-prop-valid': 1.4.0
      react: 19.0.0
      react-dom: 19.0.0(react@19.0.0)

  glob-to-regexp@0.4.1: {}

  graceful-fs@4.2.11: {}

  lucide-react@0.454.0(react@19.0.0):
    dependencies:
      react: 19.0.0

  motion-dom@12.23.23:
    dependencies:
      motion-utils: 12.23.6

  motion-utils@12.23.6: {}

  nanoid@3.3.11: {}

  next-themes@0.4.6(react-dom@19.0.0(react@19.0.0))(react@19.0.0):
    dependencies:
      react: 19.0.0
      react-dom: 19.0.0(react@19.0.0)

  next@14.0.0(react-dom@19.0.0(react@19.0.0))(react@19.0.0):
    dependencies:
      '@next/env': 14.0.0
      '@swc/helpers': 0.5.2
      busboy: 1.6.0
      caniuse-lite: 1.0.30001751
      postcss: 8.4.31
      react: 19.0.0
      react-dom: 19.0.0(react@19.0.0)
      styled-jsx: 5.1.1(react@19.0.0)
      watchpack: 2.4.0
    optionalDependencies:
      '@next/swc-darwin-arm64': 14.0.0
      '@next/swc-darwin-x64': 14.0.0
      '@next/swc-linux-arm64-gnu': 14.0.0
      '@next/swc-linux-arm64-musl': 14.0.0
      '@next/swc-linux-x64-gnu': 14.0.0
      '@next/swc-linux-x64-musl': 14.0.0
      '@next/swc-win32-arm64-msvc': 14.0.0
      '@next/swc-win32-ia32-msvc': 14.0.0
      '@next/swc-win32-x64-msvc': 14.0.0
    transitivePeerDependencies:
      - '@babel/core'
      - babel-plugin-macros

  picocolors@1.1.1: {}

  postcss@8.4.31:
    dependencies:
      nanoid: 3.3.11
      picocolors: 1.1.1
      source-map-js: 1.2.1

  postcss@8.5.0:
    dependencies:
      nanoid: 3.3.11
      picocolors: 1.1.1
      source-map-js: 1.2.1

  react-dom@19.0.0(react@19.0.0):
    dependencies:
      react: 19.0.0
      scheduler: 0.25.0

  react-icons@5.5.0(react@19.0.0):
    dependencies:
      react: 19.0.0

  react-intersection-observer@10.0.0(react-dom@19.0.0(react@19.0.0))(react@19.0.0):
    dependencies:
      react: 19.0.0
    optionalDependencies:
      react-dom: 19.0.0(react@19.0.0)

  react@19.0.0: {}

  scheduler@0.25.0: {}

  source-map-js@1.2.1: {}

  streamsearch@1.1.0: {}

  styled-jsx@5.1.1(react@19.0.0):
    dependencies:
      client-only: 0.0.1
      react: 19.0.0

  tailwind-merge@2.5.5: {}

  tailwindcss-animate@1.0.7(tailwindcss@4.1.9):
    dependencies:
      tailwindcss: 4.1.9

  tailwindcss@4.1.9: {}

  tslib@2.8.1: {}

  tw-animate-css@1.4.0: {}

  typescript@5.0.2: {}

  undici-types@6.11.1: {}

  watchpack@2.4.0:
    dependencies:
      glob-to-regexp: 0.4.1
      graceful-fs: 4.2.11
